
Microsoft Visual Studio Solution File, Format Version 12.00
# Visual Studio 2013
VisualStudioVersion = 12.0.30723.0
MinimumVisualStudioVersion = 10.0.40219.1
Project("{FAE04EC0-301F-11D3-BF4B-00C04F79EFBC}") = "LcaDataModel", "Database\DataModel\LcaDataModel.csproj", "{B7F4D17F-6156-457C-8425-8CE5F683CAC5}"
EndProject
Project("{FAE04EC0-301F-11D3-BF4B-00C04F79EFBC}") = "LcaDataLoader", "Database\DataLoader\LcaDataLoader.csproj", "{71FB8558-57C0-4E37-BE09-5309E69E874D}"
EndProject
Project("{FAE04EC0-301F-11D3-BF4B-00C04F79EFBC}") = "Entities", "vs\LCIAToolAPI\Entities\Entities.csproj", "{BC864533-A57F-4EFE-B967-EF8CAFC2B2F1}"
EndProject
Project("{FAE04EC0-301F-11D3-BF4B-00C04F79EFBC}") = "Repository", "vs\LCIAToolAPI\Repository\Repository.csproj", "{76486074-E3CA-413F-B68E-F2C8C8FCBE68}"
EndProject
Project("{FAE04EC0-301F-11D3-BF4B-00C04F79EFBC}") = "Services", "vs\LCIAToolAPI\Services\Services.csproj", "{A093BCD0-8869-447C-B0E9-8E77B18598C9}"
EndProject
Project("{FAE04EC0-301F-11D3-BF4B-00C04F79EFBC}") = "LCIAToolAPI", "vs\LCIAToolAPI\LCIAToolAPI\LCIAToolAPI.csproj", "{263DFEDF-495E-4B95-96A3-02C8E6DE3DC1}"
EndProject
Project("{FAE04EC0-301F-11D3-BF4B-00C04F79EFBC}") = "LCIAToolAPI.Tests", "vs\LCIAToolAPI\LCIAToolAPI.Tests\LCIAToolAPI.Tests.csproj", "{DEC7F8C4-F6A3-44B9-89FB-FF2FA24E09B5}"
EndProject
Project("{2150E333-8FDC-42A3-9474-1A3956D46DE8}") = "Documentation", "Documentation", "{B38C8B45-132A-4BCA-9418-E1DF5A7D4CE8}"
	ProjectSection(SolutionItems) = preProject
		Documentation\background-pseudocode.txt = Documentation\background-pseudocode.txt
		Documentation\fragment-design.txt = Documentation\fragment-design.txt
		Documentation\fragment-lcia-pseudocode.txt = Documentation\fragment-lcia-pseudocode.txt
		Documentation\fragment-schema.txt = Documentation\fragment-schema.txt
		Documentation\fragment-traversal-pseudocode.txt = Documentation\fragment-traversal-pseudocode.txt
		Documentation\lcia-computation-pseudocode.txt = Documentation\lcia-computation-pseudocode.txt
		README.md = README.md
	EndProjectSection
EndProject
Global
	GlobalSection(SolutionConfigurationPlatforms) = preSolution
		Debug|Any CPU = Debug|Any CPU
		Release|Any CPU = Release|Any CPU
	EndGlobalSection
	GlobalSection(ProjectConfigurationPlatforms) = postSolution
		{B7F4D17F-6156-457C-8425-8CE5F683CAC5}.Debug|Any CPU.ActiveCfg = Debug|Any CPU
		{B7F4D17F-6156-457C-8425-8CE5F683CAC5}.Debug|Any CPU.Build.0 = Debug|Any CPU
		{B7F4D17F-6156-457C-8425-8CE5F683CAC5}.Release|Any CPU.ActiveCfg = Release|Any CPU
		{B7F4D17F-6156-457C-8425-8CE5F683CAC5}.Release|Any CPU.Build.0 = Release|Any CPU
		{71FB8558-57C0-4E37-BE09-5309E69E874D}.Debug|Any CPU.ActiveCfg = Debug|Any CPU
		{71FB8558-57C0-4E37-BE09-5309E69E874D}.Debug|Any CPU.Build.0 = Debug|Any CPU
		{71FB8558-57C0-4E37-BE09-5309E69E874D}.Release|Any CPU.ActiveCfg = Release|Any CPU
		{71FB8558-57C0-4E37-BE09-5309E69E874D}.Release|Any CPU.Build.0 = Release|Any CPU
		{BC864533-A57F-4EFE-B967-EF8CAFC2B2F1}.Debug|Any CPU.ActiveCfg = Debug|Any CPU
		{BC864533-A57F-4EFE-B967-EF8CAFC2B2F1}.Debug|Any CPU.Build.0 = Debug|Any CPU
		{BC864533-A57F-4EFE-B967-EF8CAFC2B2F1}.Release|Any CPU.ActiveCfg = Release|Any CPU
		{BC864533-A57F-4EFE-B967-EF8CAFC2B2F1}.Release|Any CPU.Build.0 = Release|Any CPU
		{76486074-E3CA-413F-B68E-F2C8C8FCBE68}.Debug|Any CPU.ActiveCfg = Debug|Any CPU
		{76486074-E3CA-413F-B68E-F2C8C8FCBE68}.Debug|Any CPU.Build.0 = Debug|Any CPU
		{76486074-E3CA-413F-B68E-F2C8C8FCBE68}.Release|Any CPU.ActiveCfg = Release|Any CPU
		{76486074-E3CA-413F-B68E-F2C8C8FCBE68}.Release|Any CPU.Build.0 = Release|Any CPU
		{A093BCD0-8869-447C-B0E9-8E77B18598C9}.Debug|Any CPU.ActiveCfg = Debug|Any CPU
		{A093BCD0-8869-447C-B0E9-8E77B18598C9}.Debug|Any CPU.Build.0 = Debug|Any CPU
		{A093BCD0-8869-447C-B0E9-8E77B18598C9}.Release|Any CPU.ActiveCfg = Release|Any CPU
		{A093BCD0-8869-447C-B0E9-8E77B18598C9}.Release|Any CPU.Build.0 = Release|Any CPU
		{263DFEDF-495E-4B95-96A3-02C8E6DE3DC1}.Debug|Any CPU.ActiveCfg = Debug|Any CPU
		{263DFEDF-495E-4B95-96A3-02C8E6DE3DC1}.Debug|Any CPU.Build.0 = Debug|Any CPU
		{263DFEDF-495E-4B95-96A3-02C8E6DE3DC1}.Release|Any CPU.ActiveCfg = Release|Any CPU
		{263DFEDF-495E-4B95-96A3-02C8E6DE3DC1}.Release|Any CPU.Build.0 = Release|Any CPU
		{DEC7F8C4-F6A3-44B9-89FB-FF2FA24E09B5}.Debug|Any CPU.ActiveCfg = Debug|Any CPU
		{DEC7F8C4-F6A3-44B9-89FB-FF2FA24E09B5}.Debug|Any CPU.Build.0 = Debug|Any CPU
		{DEC7F8C4-F6A3-44B9-89FB-FF2FA24E09B5}.Release|Any CPU.ActiveCfg = Release|Any CPU
		{DEC7F8C4-F6A3-44B9-89FB-FF2FA24E09B5}.Release|Any CPU.Build.0 = Release|Any CPU
	EndGlobalSection
	GlobalSection(SolutionProperties) = preSolution
		HideSolutionNode = FALSE
	EndGlobalSection
EndGlobal
